// !$*UTF8*$!
{
	archiveVersion = 1;
	classes = {
	};
	objectVersion = 56;
	objects = {

/* Begin PBXBuildFile section */
		66EBADA62A3F08090044390F /* AppDelegate.swift in Sources */ = {isa = PBXBuildFile; fileRef = 66EBADA52A3F08090044390F /* AppDelegate.swift */; };
		66EBADA82A3F08090044390F /* SceneDelegate.swift in Sources */ = {isa = PBXBuildFile; fileRef = 66EBADA72A3F08090044390F /* SceneDelegate.swift */; };
		66EBADAA2A3F08090044390F /* ViewController.swift in Sources */ = {isa = PBXBuildFile; fileRef = 66EBADA92A3F08090044390F /* ViewController.swift */; };
		66EBADAD2A3F08090044390F /* Main.storyboard in Resources */ = {isa = PBXBuildFile; fileRef = 66EBADAB2A3F08090044390F /* Main.storyboard */; };
		66EBADAF2A3F080D0044390F /* Assets.xcassets in Resources */ = {isa = PBXBuildFile; fileRef = 66EBADAE2A3F080D0044390F /* Assets.xcassets */; };
		66EBADB22A3F080D0044390F /* LaunchScreen.storyboard in Resources */ = {isa = PBXBuildFile; fileRef = 66EBADB02A3F080D0044390F /* LaunchScreen.storyboard */; };
		66EBADBA2A3F0A280044390F /* TwoViewController.swift in Sources */ = {isa = PBXBuildFile; fileRef = 66EBADB92A3F0A280044390F /* TwoViewController.swift */; };
/* End PBXBuildFile section */

/* Begin PBXFileReference section */
		66EBADA22A3F08090044390F /* 9. GCD Async After, Concurrent Perform, Initially Inactive.app */ = {isa = PBXFileReference; explicitFileType = wrapper.application; includeInIndex = 0; path = "9. GCD Async After, Concurrent Perform, Initially Inactive.app"; sourceTree = BUILT_PRODUCTS_DIR; };
		66EBADA52A3F08090044390F /* AppDelegate.swift */ = {isa = PBXFileReference; lastKnownFileType = sourcecode.swift; path = AppDelegate.swift; sourceTree = "<group>"; };
		66EBADA72A3F08090044390F /* SceneDelegate.swift */ = {isa = PBXFileReference; lastKnownFileType = sourcecode.swift; path = SceneDelegate.swift; sourceTree = "<group>"; };
		66EBADA92A3F08090044390F /* ViewController.swift */ = {isa = PBXFileReference; lastKnownFileType = sourcecode.swift; path = ViewController.swift; sourceTree = "<group>"; };
		66EBADAC2A3F08090044390F /* Base */ = {isa = PBXFileReference; lastKnownFileType = file.storyboard; name = Base; path = Base.lproj/Main.storyboard; sourceTree = "<group>"; };
		66EBADAE2A3F080D0044390F /* Assets.xcassets */ = {isa = PBXFileReference; lastKnownFileType = folder.assetcatalog; path = Assets.xcassets; sourceTree = "<group>"; };
		66EBADB12A3F080D0044390F /* Base */ = {isa = PBXFileReference; lastKnownFileType = file.storyboard; name = Base; path = Base.lproj/LaunchScreen.storyboard; sourceTree = "<group>"; };
		66EBADB32A3F080D0044390F /* Info.plist */ = {isa = PBXFileReference; lastKnownFileType = text.plist.xml; path = Info.plist; sourceTree = "<group>"; };
		66EBADB92A3F0A280044390F /* TwoViewController.swift */ = {isa = PBXFileReference; lastKnownFileType = sourcecode.swift; path = TwoViewController.swift; sourceTree = "<group>"; };
/* End PBXFileReference section */

/* Begin PBXFrameworksBuildPhase section */
		66EBAD9F2A3F08080044390F /* Frameworks */ = {
			isa = PBXFrameworksBuildPhase;
			buildActionMask = 2147483647;
			files = (
			);
			runOnlyForDeploymentPostprocessing = 0;
		};
/* End PBXFrameworksBuildPhase section */

/* Begin PBXGroup section */
		66EBAD992A3F08080044390F = {
			isa = PBXGroup;
			children = (
				66EBADA42A3F08090044390F /* 9. GCD Async After, Concurrent Perform, Initially Inactive */,
				66EBADA32A3F08090044390F /* Products */,
			);
			sourceTree = "<group>";
		};
		66EBADA32A3F08090044390F /* Products */ = {
			isa = PBXGroup;
			children = (
				66EBADA22A3F08090044390F /* 9. GCD Async After, Concurrent Perform, Initially Inactive.app */,
			);
			name = Products;
			sourceTree = "<group>";
		};
		66EBADA42A3F08090044390F /* 9. GCD Async After, Concurrent Perform, Initially Inactive */ = {
			isa = PBXGroup;
			children = (
				66EBADA52A3F08090044390F /* AppDelegate.swift */,
				66EBADA72A3F08090044390F /* SceneDelegate.swift */,
				66EBADA92A3F08090044390F /* ViewController.swift */,
				66EBADB92A3F0A280044390F /* TwoViewController.swift */,
				66EBADAB2A3F08090044390F /* Main.storyboard */,
				66EBADAE2A3F080D0044390F /* Assets.xcassets */,
				66EBADB02A3F080D0044390F /* LaunchScreen.storyboard */,
				66EBADB32A3F080D0044390F /* Info.plist */,
			);
			path = "9. GCD Async After, Concurrent Perform, Initially Inactive";
			sourceTree = "<group>";
		};
/* End PBXGroup section */

/* Begin PBXNativeTarget section */
		66EBADA12A3F08080044390F /* 9. GCD Async After, Concurrent Perform, Initially Inactive */ = {
			isa = PBXNativeTarget;
			buildConfigurationList = 66EBADB62A3F080D0044390F /* Build configuration list for PBXNativeTarget "9. GCD Async After, Concurrent Perform, Initially Inactive" */;
			buildPhases = (
				66EBAD9E2A3F08080044390F /* Sources */,
				66EBAD9F2A3F08080044390F /* Frameworks */,
				66EBADA02A3F08080044390F /* Resources */,
			);
			buildRules = (
			);
			dependencies = (
			);
			name = "9. GCD Async After, Concurrent Perform, Initially Inactive";
			productName = "9. GCD Async After, Concurrent Perform, Initially Inactive";
			productReference = 66EBADA22A3F08090044390F /* 9. GCD Async After, Concurrent Perform, Initially Inactive.app */;
			productType = "com.apple.product-type.application";
		};
/* End PBXNativeTarget section */

/* Begin PBXProject section */
		66EBAD9A2A3F08080044390F /* Project object */ = {
			isa = PBXProject;
			attributes = {
				BuildIndependentTargetsInParallel = 1;
				LastSwiftUpdateCheck = 1420;
				LastUpgradeCheck = 1420;
				TargetAttributes = {
					66EBADA12A3F08080044390F = {
						CreatedOnToolsVersion = 14.2;
					};
				};
			};
			buildConfigurationList = 66EBAD9D2A3F08080044390F /* Build configuration list for PBXProject "9. GCD Async After, Concurrent Perform, Initially Inactive" */;
			compatibilityVersion = "Xcode 14.0";
			developmentRegion = en;
			hasScannedForEncodings = 0;
			knownRegions = (
				en,
				Base,
			);
			mainGroup = 66EBAD992A3F08080044390F;
			productRefGroup = 66EBADA32A3F08090044390F /* Products */;
			projectDirPath = "";
			projectRoot = "";
			targets = (
				66EBADA12A3F08080044390F /* 9. GCD Async After, Concurrent Perform, Initially Inactive */,
			);
		};
/* End PBXProject section */

/* Begin PBXResourcesBuildPhase section */
		66EBADA02A3F08080044390F /* Resources */ = {
			isa = PBXResourcesBuildPhase;
			buildActionMask = 2147483647;
			files = (
				66EBADB22A3F080D0044390F /* LaunchScreen.storyboard in Resources */,
				66EBADAF2A3F080D0044390F /* Assets.xcassets in Resources */,
				66EBADAD2A3F08090044390F /* Main.storyboard in Resources */,
			);
			runOnlyForDeploymentPostprocessing = 0;
		};
/* End PBXResourcesBuildPhase section */

/* Begin PBXSourcesBuildPhase section */
		66EBAD9E2A3F08080044390F /* Sources */ = {
			isa = PBXSourcesBuildPhase;
			buildActionMask = 2147483647;
			files = (
				66EBADAA2A3F08090044390F /* ViewController.swift in Sources */,
				66EBADA62A3F08090044390F /* AppDelegate.swift in Sources */,
				66EBADA82A3F08090044390F /* SceneDelegate.swift in Sources */,
				66EBADBA2A3F0A280044390F /* TwoViewController.swift in Sources */,
			);
			runOnlyForDeploymentPostprocessing = 0;
		};
/* End PBXSourcesBuildPhase section */

/* Begin PBXVariantGroup section */
		66EBADAB2A3F08090044390F /* Main.storyboard */ = {
			isa = PBXVariantGroup;
			children = (
				66EBADAC2A3F08090044390F /* Base */,
			);
			name = Main.storyboard;
			sourceTree = "<group>";
		};
		66EBADB02A3F080D0044390F /* LaunchScreen.storyboard */ = {
			isa = PBXVariantGroup;
			children = (
				66EBADB12A3F080D0044390F /* Base */,
			);
			name = LaunchScreen.storyboard;
			sourceTree = "<group>";
		};
/* End PBXVariantGroup section */

/* Begin XCBuildConfiguration section */
		66EBADB42A3F080D0044390F /* Debug */ = {
			isa = XCBuildConfiguration;
			buildSettings = {
				ALWAYS_SEARCH_USER_PATHS = NO;
				CLANG_ANALYZER_NONNULL = YES;
				CLANG_ANALYZER_NUMBER_OBJECT_CONVERSION = YES_AGGRESSIVE;
				CLANG_CXX_LANGUAGE_STANDARD = "gnu++20";
				CLANG_ENABLE_MODULES = YES;
				CLANG_ENABLE_OBJC_ARC = YES;
				CLANG_ENABLE_OBJC_WEAK = YES;
				CLANG_WARN_BLOCK_CAPTURE_AUTORELEASING = YES;
				CLANG_WARN_BOOL_CONVERSION = YES;
				CLANG_WARN_COMMA = YES;
				CLANG_WARN_CONSTANT_CONVERSION = YES;
				CLANG_WARN_DEPRECATED_OBJC_IMPLEMENTATIONS = YES;
				CLANG_WARN_DIRECT_OBJC_ISA_USAGE = YES_ERROR;
				CLANG_WARN_DOCUMENTATION_COMMENTS = YES;
				CLANG_WARN_EMPTY_BODY = YES;
				CLANG_WARN_ENUM_CONVERSION = YES;
				CLANG_WARN_INFINITE_RECURSION = YES;
				CLANG_WARN_INT_CONVERSION = YES;
				CLANG_WARN_NON_LITERAL_NULL_CONVERSION = YES;
				CLANG_WARN_OBJC_IMPLICIT_RETAIN_SELF = YES;
				CLANG_WARN_OBJC_LITERAL_CONVERSION = YES;
				CLANG_WARN_OBJC_ROOT_CLASS = YES_ERROR;
				CLANG_WARN_QUOTED_INCLUDE_IN_FRAMEWORK_HEADER = YES;
				CLANG_WARN_RANGE_LOOP_ANALYSIS = YES;
				CLANG_WARN_STRICT_PROTOTYPES = YES;
				CLANG_WARN_SUSPICIOUS_MOVE = YES;
				CLANG_WARN_UNGUARDED_AVAILABILITY = YES_AGGRESSIVE;
				CLANG_WARN_UNREACHABLE_CODE = YES;
				CLANG_WARN__DUPLICATE_METHOD_MATCH = YES;
				COPY_PHASE_STRIP = NO;
				DEBUG_INFORMATION_FORMAT = dwarf;
				ENABLE_STRICT_OBJC_MSGSEND = YES;
				ENABLE_TESTABILITY = YES;
				GCC_C_LANGUAGE_STANDARD = gnu11;
				GCC_DYNAMIC_NO_PIC = NO;
				GCC_NO_COMMON_BLOCKS = YES;
				GCC_OPTIMIZATION_LEVEL = 0;
				GCC_PREPROCESSOR_DEFINITIONS = (
					"DEBUG=1",
					"$(inherited)",
				);
				GCC_WARN_64_TO_32_BIT_CONVERSION = YES;
				GCC_WARN_ABOUT_RETURN_TYPE = YES_ERROR;
				GCC_WARN_UNDECLARED_SELECTOR = YES;
				GCC_WARN_UNINITIALIZED_AUTOS = YES_AGGRESSIVE;
				GCC_WARN_UNUSED_FUNCTION = YES;
				GCC_WARN_UNUSED_VARIABLE = YES;
				IPHONEOS_DEPLOYMENT_TARGET = 16.2;
				MTL_ENABLE_DEBUG_INFO = INCLUDE_SOURCE;
				MTL_FAST_MATH = YES;
				ONLY_ACTIVE_ARCH = YES;
				SDKROOT = iphoneos;
				SWIFT_ACTIVE_COMPILATION_CONDITIONS = DEBUG;
				SWIFT_OPTIMIZATION_LEVEL = "-Onone";
			};
			name = Debug;
		};
		66EBADB52A3F080D0044390F /* Release */ = {
			isa = XCBuildConfiguration;
			buildSettings = {
				ALWAYS_SEARCH_USER_PATHS = NO;
				CLANG_ANALYZER_NONNULL = YES;
				CLANG_ANALYZER_NUMBER_OBJECT_CONVERSION = YES_AGGRESSIVE;
				CLANG_CXX_LANGUAGE_STANDARD = "gnu++20";
				CLANG_ENABLE_MODULES = YES;
				CLANG_ENABLE_OBJC_ARC = YES;
				CLANG_ENABLE_OBJC_WEAK = YES;
				CLANG_WARN_BLOCK_CAPTURE_AUTORELEASING = YES;
				CLANG_WARN_BOOL_CONVERSION = YES;
				CLANG_WARN_COMMA = YES;
				CLANG_WARN_CONSTANT_CONVERSION = YES;
				CLANG_WARN_DEPRECATED_OBJC_IMPLEMENTATIONS = YES;
				CLANG_WARN_DIRECT_OBJC_ISA_USAGE = YES_ERROR;
				CLANG_WARN_DOCUMENTATION_COMMENTS = YES;
				CLANG_WARN_EMPTY_BODY = YES;
				CLANG_WARN_ENUM_CONVERSION = YES;
				CLANG_WARN_INFINITE_RECURSION = YES;
				CLANG_WARN_INT_CONVERSION = YES;
				CLANG_WARN_NON_LITERAL_NULL_CONVERSION = YES;
				CLANG_WARN_OBJC_IMPLICIT_RETAIN_SELF = YES;
				CLANG_WARN_OBJC_LITERAL_CONVERSION = YES;
				CLANG_WARN_OBJC_ROOT_CLASS = YES_ERROR;
				CLANG_WARN_QUOTED_INCLUDE_IN_FRAMEWORK_HEADER = YES;
				CLANG_WARN_RANGE_LOOP_ANALYSIS = YES;
				CLANG_WARN_STRICT_PROTOTYPES = YES;
				CLANG_WARN_SUSPICIOUS_MOVE = YES;
				CLANG_WARN_UNGUARDED_AVAILABILITY = YES_AGGRESSIVE;
				CLANG_WARN_UNREACHABLE_CODE = YES;
				CLANG_WARN__DUPLICATE_METHOD_MATCH = YES;
				COPY_PHASE_STRIP = NO;
				DEBUG_INFORMATION_FORMAT = "dwarf-with-dsym";
				ENABLE_NS_ASSERTIONS = NO;
				ENABLE_STRICT_OBJC_MSGSEND = YES;
				GCC_C_LANGUAGE_STANDARD = gnu11;
				GCC_NO_COMMON_BLOCKS = YES;
				GCC_WARN_64_TO_32_BIT_CONVERSION = YES;
				GCC_WARN_ABOUT_RETURN_TYPE = YES_ERROR;
				GCC_WARN_UNDECLARED_SELECTOR = YES;
				GCC_WARN_UNINITIALIZED_AUTOS = YES_AGGRESSIVE;
				GCC_WARN_UNUSED_FUNCTION = YES;
				GCC_WARN_UNUSED_VARIABLE = YES;
				IPHONEOS_DEPLOYMENT_TARGET = 16.2;
				MTL_ENABLE_DEBUG_INFO = NO;
				MTL_FAST_MATH = YES;
				SDKROOT = iphoneos;
				SWIFT_COMPILATION_MODE = wholemodule;
				SWIFT_OPTIMIZATION_LEVEL = "-O";
				VALIDATE_PRODUCT = YES;
			};
			name = Release;
		};
		66EBADB72A3F080D0044390F /* Debug */ = {
			isa = XCBuildConfiguration;
			buildSettings = {
				ASSETCATALOG_COMPILER_APPICON_NAME = AppIcon;
				ASSETCATALOG_COMPILER_GLOBAL_ACCENT_COLOR_NAME = AccentColor;
				CODE_SIGN_STYLE = Automatic;
				CURRENT_PROJECT_VERSION = 1;
				DEVELOPMENT_TEAM = C7F8937UXY;
				GENERATE_INFOPLIST_FILE = YES;
				INFOPLIST_FILE = "9. GCD Async After, Concurrent Perform, Initially Inactive/Info.plist";
				INFOPLIST_KEY_UIApplicationSupportsIndirectInputEvents = YES;
				INFOPLIST_KEY_UILaunchStoryboardName = LaunchScreen;
				INFOPLIST_KEY_UIMainStoryboardFile = Main;
				INFOPLIST_KEY_UISupportedInterfaceOrientations_iPad = "UIInterfaceOrientationPortrait UIInterfaceOrientationPortraitUpsideDown UIInterfaceOrientationLandscapeLeft UIInterfaceOrientationLandscapeRight";
				INFOPLIST_KEY_UISupportedInterfaceOrientations_iPhone = "UIInterfaceOrientationPortrait UIInterfaceOrientationLandscapeLeft UIInterfaceOrientationLandscapeRight";
				LD_RUNPATH_SEARCH_PATHS = (
					"$(inherited)",
					"@executable_path/Frameworks",
				);
				MARKETING_VERSION = 1.0;
				PRODUCT_BUNDLE_IDENTIFIER = "DmytroNeboha.---GCD-Async-After--Concurrent-Perform--Initially-Inactive";
				PRODUCT_NAME = "$(TARGET_NAME)";
				SWIFT_EMIT_LOC_STRINGS = YES;
				SWIFT_VERSION = 5.0;
				TARGETED_DEVICE_FAMILY = "1,2";
			};
			name = Debug;
		};
		66EBADB82A3F080D0044390F /* Release */ = {
			isa = XCBuildConfiguration;
			buildSettings = {
				ASSETCATALOG_COMPILER_APPICON_NAME = AppIcon;
				ASSETCATALOG_COMPILER_GLOBAL_ACCENT_COLOR_NAME = AccentColor;
				CODE_SIGN_STYLE = Automatic;
				CURRENT_PROJECT_VERSION = 1;
				DEVELOPMENT_TEAM = C7F8937UXY;
				GENERATE_INFOPLIST_FILE = YES;
				INFOPLIST_FILE = "9. GCD Async After, Concurrent Perform, Initially Inactive/Info.plist";
				INFOPLIST_KEY_UIApplicationSupportsIndirectInputEvents = YES;
				INFOPLIST_KEY_UILaunchStoryboardName = LaunchScreen;
				INFOPLIST_KEY_UIMainStoryboardFile = Main;
				INFOPLIST_KEY_UISupportedInterfaceOrientations_iPad = "UIInterfaceOrientationPortrait UIInterfaceOrientationPortraitUpsideDown UIInterfaceOrientationLandscapeLeft UIInterfaceOrientationLandscapeRight";
				INFOPLIST_KEY_UISupportedInterfaceOrientations_iPhone = "UIInterfaceOrientationPortrait UIInterfaceOrientationLandscapeLeft UIInterfaceOrientationLandscapeRight";
				LD_RUNPATH_SEARCH_PATHS = (
					"$(inherited)",
					"@executable_path/Frameworks",
				);
				MARKETING_VERSION = 1.0;
				PRODUCT_BUNDLE_IDENTIFIER = "DmytroNeboha.---GCD-Async-After--Concurrent-Perform--Initially-Inactive";
				PRODUCT_NAME = "$(TARGET_NAME)";
				SWIFT_EMIT_LOC_STRINGS = YES;
				SWIFT_VERSION = 5.0;
				TARGETED_DEVICE_FAMILY = "1,2";
			};
			name = Release;
		};
/* End XCBuildConfiguration section */

/* Begin XCConfigurationList section */
		66EBAD9D2A3F08080044390F /* Build configuration list for PBXProject "9. GCD Async After, Concurrent Perform, Initially Inactive" */ = {
			isa = XCConfigurationList;
			buildConfigurations = (
				66EBADB42A3F080D0044390F /* Debug */,
				66EBADB52A3F080D0044390F /* Release */,
			);
			defaultConfigurationIsVisible = 0;
			defaultConfigurationName = Release;
		};
		66EBADB62A3F080D0044390F /* Build configuration list for PBXNativeTarget "9. GCD Async After, Concurrent Perform, Initially Inactive" */ = {
			isa = XCConfigurationList;
			buildConfigurations = (
				66EBADB72A3F080D0044390F /* Debug */,
				66EBADB82A3F080D0044390F /* Release */,
			);
			defaultConfigurationIsVisible = 0;
			defaultConfigurationName = Release;
		};
/* End XCConfigurationList section */
	};
	rootObject = 66EBAD9A2A3F08080044390F /* Project object */;
}
